// !$*UTF8*$!
{
	archiveVersion = 1;
	classes = {
	};
	objectVersion = 51;
	objects = {

/* Begin PBXBuildFile section */
		305658264B4BBF923D8D72E9 /* Pods_Whip_TA.framework in Frameworks */ = {isa = PBXBuildFile; fileRef = A6C16FBE3F5F62CA08F1BA41 /* Pods_Whip_TA.framework */; };
		E13A31CB2469E11E001AB121 /* DashboardChartsExtension.swift in Sources */ = {isa = PBXBuildFile; fileRef = E13A31CA2469E11E001AB121 /* DashboardChartsExtension.swift */; };
		E1417CEC2466F5B000FD72CB /* TabbarViewController.swift in Sources */ = {isa = PBXBuildFile; fileRef = E1417CEB2466F5B000FD72CB /* TabbarViewController.swift */; };
		E1417CEE2467088200FD72CB /* PieChartCollectionViewCell.swift in Sources */ = {isa = PBXBuildFile; fileRef = E1417CED2467088200FD72CB /* PieChartCollectionViewCell.swift */; };
		E146A7D4246991EE008566E0 /* LineChartsModel.swift in Sources */ = {isa = PBXBuildFile; fileRef = E146A7D3246991EE008566E0 /* LineChartsModel.swift */; };
		E160F2C524687E6F006DD9D9 /* JobsServicesViewController.swift in Sources */ = {isa = PBXBuildFile; fileRef = E160F2C424687E6F006DD9D9 /* JobsServicesViewController.swift */; };
		E160F2C72468852D006DD9D9 /* ItemTableViewCell.swift in Sources */ = {isa = PBXBuildFile; fileRef = E160F2C62468852D006DD9D9 /* ItemTableViewCell.swift */; };
		E1CD5EAB24668824008AFD4B /* AppDelegate.swift in Sources */ = {isa = PBXBuildFile; fileRef = E1CD5EAA24668824008AFD4B /* AppDelegate.swift */; };
		E1CD5EAD24668824008AFD4B /* SceneDelegate.swift in Sources */ = {isa = PBXBuildFile; fileRef = E1CD5EAC24668824008AFD4B /* SceneDelegate.swift */; };
		E1CD5EAF24668824008AFD4B /* DashboardViewController.swift in Sources */ = {isa = PBXBuildFile; fileRef = E1CD5EAE24668824008AFD4B /* DashboardViewController.swift */; };
		E1CD5EB224668824008AFD4B /* Main.storyboard in Resources */ = {isa = PBXBuildFile; fileRef = E1CD5EB024668824008AFD4B /* Main.storyboard */; };
		E1CD5EB42466882A008AFD4B /* Assets.xcassets in Resources */ = {isa = PBXBuildFile; fileRef = E1CD5EB32466882A008AFD4B /* Assets.xcassets */; };
		E1CD5EB72466882A008AFD4B /* LaunchScreen.storyboard in Resources */ = {isa = PBXBuildFile; fileRef = E1CD5EB52466882A008AFD4B /* LaunchScreen.storyboard */; };
		E1CD5EC324668A6A008AFD4B /* AnalyticsModel.swift in Sources */ = {isa = PBXBuildFile; fileRef = E1CD5EC224668A6A008AFD4B /* AnalyticsModel.swift */; };
		E1CD5EC524669351008AFD4B /* JobModel.swift in Sources */ = {isa = PBXBuildFile; fileRef = E1CD5EC424669351008AFD4B /* JobModel.swift */; };
		E1CD5EC7246694CB008AFD4B /* PieChartsModel.swift in Sources */ = {isa = PBXBuildFile; fileRef = E1CD5EC6246694CB008AFD4B /* PieChartsModel.swift */; };
		E1CD5EC9246694E3008AFD4B /* RatingsModel.swift in Sources */ = {isa = PBXBuildFile; fileRef = E1CD5EC8246694E3008AFD4B /* RatingsModel.swift */; };
		E1CD5ECB246694F1008AFD4B /* ServiceModel.swift in Sources */ = {isa = PBXBuildFile; fileRef = E1CD5ECA246694F1008AFD4B /* ServiceModel.swift */; };
		E1CD5ECD24669FD7008AFD4B /* Globals.swift in Sources */ = {isa = PBXBuildFile; fileRef = E1CD5ECC24669FD7008AFD4B /* Globals.swift */; };
/* End PBXBuildFile section */

/* Begin PBXFileReference section */
		0D0CAE9CCBB1505FAD286F19 /* Pods-Whip-TA.release.xcconfig */ = {isa = PBXFileReference; includeInIndex = 1; lastKnownFileType = text.xcconfig; name = "Pods-Whip-TA.release.xcconfig"; path = "Target Support Files/Pods-Whip-TA/Pods-Whip-TA.release.xcconfig"; sourceTree = "<group>"; };
		A6C16FBE3F5F62CA08F1BA41 /* Pods_Whip_TA.framework */ = {isa = PBXFileReference; explicitFileType = wrapper.framework; includeInIndex = 0; path = Pods_Whip_TA.framework; sourceTree = BUILT_PRODUCTS_DIR; };
		E13A31CA2469E11E001AB121 /* DashboardChartsExtension.swift */ = {isa = PBXFileReference; lastKnownFileType = sourcecode.swift; path = DashboardChartsExtension.swift; sourceTree = "<group>"; };
		E1417CEB2466F5B000FD72CB /* TabbarViewController.swift */ = {isa = PBXFileReference; lastKnownFileType = sourcecode.swift; path = TabbarViewController.swift; sourceTree = "<group>"; };
		E1417CED2467088200FD72CB /* PieChartCollectionViewCell.swift */ = {isa = PBXFileReference; lastKnownFileType = sourcecode.swift; path = PieChartCollectionViewCell.swift; sourceTree = "<group>"; };
		E146A7D3246991EE008566E0 /* LineChartsModel.swift */ = {isa = PBXFileReference; lastKnownFileType = sourcecode.swift; path = LineChartsModel.swift; sourceTree = "<group>"; };
		E160F2C424687E6F006DD9D9 /* JobsServicesViewController.swift */ = {isa = PBXFileReference; lastKnownFileType = sourcecode.swift; path = JobsServicesViewController.swift; sourceTree = "<group>"; };
		E160F2C62468852D006DD9D9 /* ItemTableViewCell.swift */ = {isa = PBXFileReference; lastKnownFileType = sourcecode.swift; path = ItemTableViewCell.swift; sourceTree = "<group>"; };
		E1CD5EA724668824008AFD4B /* Whip-TA.app */ = {isa = PBXFileReference; explicitFileType = wrapper.application; includeInIndex = 0; path = "Whip-TA.app"; sourceTree = BUILT_PRODUCTS_DIR; };
		E1CD5EAA24668824008AFD4B /* AppDelegate.swift */ = {isa = PBXFileReference; lastKnownFileType = sourcecode.swift; path = AppDelegate.swift; sourceTree = "<group>"; };
		E1CD5EAC24668824008AFD4B /* SceneDelegate.swift */ = {isa = PBXFileReference; lastKnownFileType = sourcecode.swift; path = SceneDelegate.swift; sourceTree = "<group>"; };
		E1CD5EAE24668824008AFD4B /* DashboardViewController.swift */ = {isa = PBXFileReference; lastKnownFileType = sourcecode.swift; path = DashboardViewController.swift; sourceTree = "<group>"; };
		E1CD5EB124668824008AFD4B /* Base */ = {isa = PBXFileReference; lastKnownFileType = file.storyboard; name = Base; path = Base.lproj/Main.storyboard; sourceTree = "<group>"; };
		E1CD5EB32466882A008AFD4B /* Assets.xcassets */ = {isa = PBXFileReference; lastKnownFileType = folder.assetcatalog; path = Assets.xcassets; sourceTree = "<group>"; };
		E1CD5EB62466882A008AFD4B /* Base */ = {isa = PBXFileReference; lastKnownFileType = file.storyboard; name = Base; path = Base.lproj/LaunchScreen.storyboard; sourceTree = "<group>"; };
		E1CD5EB82466882A008AFD4B /* Info.plist */ = {isa = PBXFileReference; lastKnownFileType = text.plist.xml; path = Info.plist; sourceTree = "<group>"; };
		E1CD5EC224668A6A008AFD4B /* AnalyticsModel.swift */ = {isa = PBXFileReference; lastKnownFileType = sourcecode.swift; path = AnalyticsModel.swift; sourceTree = "<group>"; };
		E1CD5EC424669351008AFD4B /* JobModel.swift */ = {isa = PBXFileReference; lastKnownFileType = sourcecode.swift; path = JobModel.swift; sourceTree = "<group>"; };
		E1CD5EC6246694CB008AFD4B /* PieChartsModel.swift */ = {isa = PBXFileReference; lastKnownFileType = sourcecode.swift; path = PieChartsModel.swift; sourceTree = "<group>"; };
		E1CD5EC8246694E3008AFD4B /* RatingsModel.swift */ = {isa = PBXFileReference; lastKnownFileType = sourcecode.swift; path = RatingsModel.swift; sourceTree = "<group>"; };
		E1CD5ECA246694F1008AFD4B /* ServiceModel.swift */ = {isa = PBXFileReference; lastKnownFileType = sourcecode.swift; path = ServiceModel.swift; sourceTree = "<group>"; };
		E1CD5ECC24669FD7008AFD4B /* Globals.swift */ = {isa = PBXFileReference; lastKnownFileType = sourcecode.swift; path = Globals.swift; sourceTree = "<group>"; };
		EDA02DC56F44968EEC11C339 /* Pods-Whip-TA.debug.xcconfig */ = {isa = PBXFileReference; includeInIndex = 1; lastKnownFileType = text.xcconfig; name = "Pods-Whip-TA.debug.xcconfig"; path = "Target Support Files/Pods-Whip-TA/Pods-Whip-TA.debug.xcconfig"; sourceTree = "<group>"; };
/* End PBXFileReference section */

/* Begin PBXFrameworksBuildPhase section */
		E1CD5EA424668824008AFD4B /* Frameworks */ = {
			isa = PBXFrameworksBuildPhase;
			buildActionMask = 2147483647;
			files = (
				305658264B4BBF923D8D72E9 /* Pods_Whip_TA.framework in Frameworks */,
			);
			runOnlyForDeploymentPostprocessing = 0;
		};
/* End PBXFrameworksBuildPhase section */

/* Begin PBXGroup section */
		394C83A40575483EF05E29B8 /* Frameworks */ = {
			isa = PBXGroup;
			children = (
				A6C16FBE3F5F62CA08F1BA41 /* Pods_Whip_TA.framework */,
			);
			name = Frameworks;
			sourceTree = "<group>";
		};
		E1CD5E9E24668824008AFD4B = {
			isa = PBXGroup;
			children = (
				E1CD5EA924668824008AFD4B /* Whip-TA */,
				E1CD5EA824668824008AFD4B /* Products */,
				FC68D33121DECCA7AD9B1A73 /* Pods */,
				394C83A40575483EF05E29B8 /* Frameworks */,
			);
			sourceTree = "<group>";
		};
		E1CD5EA824668824008AFD4B /* Products */ = {
			isa = PBXGroup;
			children = (
				E1CD5EA724668824008AFD4B /* Whip-TA.app */,
			);
			name = Products;
			sourceTree = "<group>";
		};
		E1CD5EA924668824008AFD4B /* Whip-TA */ = {
			isa = PBXGroup;
			children = (
				E1CD5EC124668A19008AFD4B /* Helpers */,
				E1CD5EBE24668981008AFD4B /* Model */,
				E1CD5EBF24668989008AFD4B /* ViewControllers */,
				E1CD5EC024668993008AFD4B /* Views */,
				E1CD5ECE2466C855008AFD4B /* Storyboards */,
				E1CD5EAA24668824008AFD4B /* AppDelegate.swift */,
				E1CD5EAC24668824008AFD4B /* SceneDelegate.swift */,
				E1CD5EB32466882A008AFD4B /* Assets.xcassets */,
				E1CD5EB82466882A008AFD4B /* Info.plist */,
			);
			path = "Whip-TA";
			sourceTree = "<group>";
		};
		E1CD5EBE24668981008AFD4B /* Model */ = {
			isa = PBXGroup;
			children = (
				E1CD5EC224668A6A008AFD4B /* AnalyticsModel.swift */,
				E1CD5EC424669351008AFD4B /* JobModel.swift */,
				E1CD5EC6246694CB008AFD4B /* PieChartsModel.swift */,
				E1CD5EC8246694E3008AFD4B /* RatingsModel.swift */,
				E1CD5ECA246694F1008AFD4B /* ServiceModel.swift */,
				E146A7D3246991EE008566E0 /* LineChartsModel.swift */,
			);
			path = Model;
			sourceTree = "<group>";
		};
		E1CD5EBF24668989008AFD4B /* ViewControllers */ = {
			isa = PBXGroup;
			children = (
				E1CD5EAE24668824008AFD4B /* DashboardViewController.swift */,
				E13A31CA2469E11E001AB121 /* DashboardChartsExtension.swift */,
				E1417CEB2466F5B000FD72CB /* TabbarViewController.swift */,
				E160F2C424687E6F006DD9D9 /* JobsServicesViewController.swift */,
			);
			path = ViewControllers;
			sourceTree = "<group>";
		};
		E1CD5EC024668993008AFD4B /* Views */ = {
			isa = PBXGroup;
			children = (
				E1417CED2467088200FD72CB /* PieChartCollectionViewCell.swift */,
				E160F2C62468852D006DD9D9 /* ItemTableViewCell.swift */,
			);
			path = Views;
			sourceTree = "<group>";
		};
		E1CD5EC124668A19008AFD4B /* Helpers */ = {
			isa = PBXGroup;
			children = (
				E1CD5ECC24669FD7008AFD4B /* Globals.swift */,
			);
			path = Helpers;
			sourceTree = "<group>";
		};
		E1CD5ECE2466C855008AFD4B /* Storyboards */ = {
			isa = PBXGroup;
			children = (
				E1CD5EB52466882A008AFD4B /* LaunchScreen.storyboard */,
				E1CD5EB024668824008AFD4B /* Main.storyboard */,
			);
			path = Storyboards;
			sourceTree = "<group>";
		};
		FC68D33121DECCA7AD9B1A73 /* Pods */ = {
			isa = PBXGroup;
			children = (
				EDA02DC56F44968EEC11C339 /* Pods-Whip-TA.debug.xcconfig */,
				0D0CAE9CCBB1505FAD286F19 /* Pods-Whip-TA.release.xcconfig */,
			);
			path = Pods;
			sourceTree = "<group>";
		};
/* End PBXGroup section */

/* Begin PBXNativeTarget section */
		E1CD5EA624668824008AFD4B /* Whip-TA */ = {
			isa = PBXNativeTarget;
			buildConfigurationList = E1CD5EBB2466882A008AFD4B /* Build configuration list for PBXNativeTarget "Whip-TA" */;
			buildPhases = (
				BB16395FB222DFD8728886E2 /* [CP] Check Pods Manifest.lock */,
				E1CD5EA324668824008AFD4B /* Sources */,
				E1CD5EA424668824008AFD4B /* Frameworks */,
				E1CD5EA524668824008AFD4B /* Resources */,
				73CECF7794368AE0D45DB391 /* [CP] Embed Pods Frameworks */,
			);
			buildRules = (
			);
			dependencies = (
			);
			name = "Whip-TA";
			productName = "Whip-TA";
			productReference = E1CD5EA724668824008AFD4B /* Whip-TA.app */;
			productType = "com.apple.product-type.application";
		};
/* End PBXNativeTarget section */

/* Begin PBXProject section */
		E1CD5E9F24668824008AFD4B /* Project object */ = {
			isa = PBXProject;
			attributes = {
				LastSwiftUpdateCheck = 1130;
				LastUpgradeCheck = 1130;
				ORGANIZATIONNAME = amy;
				TargetAttributes = {
					E1CD5EA624668824008AFD4B = {
						CreatedOnToolsVersion = 11.3.1;
					};
				};
			};
			buildConfigurationList = E1CD5EA224668824008AFD4B /* Build configuration list for PBXProject "Whip-TA" */;
			compatibilityVersion = "Xcode 9.3";
			developmentRegion = en;
			hasScannedForEncodings = 0;
			knownRegions = (
				en,
				Base,
			);
			mainGroup = E1CD5E9E24668824008AFD4B;
			productRefGroup = E1CD5EA824668824008AFD4B /* Products */;
			projectDirPath = "";
			projectRoot = "";
			targets = (
				E1CD5EA624668824008AFD4B /* Whip-TA */,
			);
		};
/* End PBXProject section */

/* Begin PBXResourcesBuildPhase section */
		E1CD5EA524668824008AFD4B /* Resources */ = {
			isa = PBXResourcesBuildPhase;
			buildActionMask = 2147483647;
			files = (
				E1CD5EB72466882A008AFD4B /* LaunchScreen.storyboard in Resources */,
				E1CD5EB42466882A008AFD4B /* Assets.xcassets in Resources */,
				E1CD5EB224668824008AFD4B /* Main.storyboard in Resources */,
			);
			runOnlyForDeploymentPostprocessing = 0;
		};
/* End PBXResourcesBuildPhase section */

/* Begin PBXShellScriptBuildPhase section */
		73CECF7794368AE0D45DB391 /* [CP] Embed Pods Frameworks */ = {
			isa = PBXShellScriptBuildPhase;
			buildActionMask = 2147483647;
			files = (
			);
			inputFileListPaths = (
				"${PODS_ROOT}/Target Support Files/Pods-Whip-TA/Pods-Whip-TA-frameworks-${CONFIGURATION}-input-files.xcfilelist",
			);
			name = "[CP] Embed Pods Frameworks";
			outputFileListPaths = (
				"${PODS_ROOT}/Target Support Files/Pods-Whip-TA/Pods-Whip-TA-frameworks-${CONFIGURATION}-output-files.xcfilelist",
			);
			runOnlyForDeploymentPostprocessing = 0;
			shellPath = /bin/sh;
			shellScript = "\"${PODS_ROOT}/Target Support Files/Pods-Whip-TA/Pods-Whip-TA-frameworks.sh\"\n";
			showEnvVarsInLog = 0;
		};
		BB16395FB222DFD8728886E2 /* [CP] Check Pods Manifest.lock */ = {
			isa = PBXShellScriptBuildPhase;
			buildActionMask = 2147483647;
			files = (
			);
			inputFileListPaths = (
			);
			inputPaths = (
				"${PODS_PODFILE_DIR_PATH}/Podfile.lock",
				"${PODS_ROOT}/Manifest.lock",
			);
			name = "[CP] Check Pods Manifest.lock";
			outputFileListPaths = (
			);
			outputPaths = (
				"$(DERIVED_FILE_DIR)/Pods-Whip-TA-checkManifestLockResult.txt",
			);
			runOnlyForDeploymentPostprocessing = 0;
			shellPath = /bin/sh;
			shellScript = "diff \"${PODS_PODFILE_DIR_PATH}/Podfile.lock\" \"${PODS_ROOT}/Manifest.lock\" > /dev/null\nif [ $? != 0 ] ; then\n    # print error to STDERR\n    echo \"error: The sandbox is not in sync with the Podfile.lock. Run 'pod install' or update your CocoaPods installation.\" >&2\n    exit 1\nfi\n# This output is used by Xcode 'outputs' to avoid re-running this script phase.\necho \"SUCCESS\" > \"${SCRIPT_OUTPUT_FILE_0}\"\n";
			showEnvVarsInLog = 0;
		};
/* End PBXShellScriptBuildPhase section */

/* Begin PBXSourcesBuildPhase section */
		E1CD5EA324668824008AFD4B /* Sources */ = {
			isa = PBXSourcesBuildPhase;
			buildActionMask = 2147483647;
			files = (
				E146A7D4246991EE008566E0 /* LineChartsModel.swift in Sources */,
				E160F2C524687E6F006DD9D9 /* JobsServicesViewController.swift in Sources */,
				E1CD5EC9246694E3008AFD4B /* RatingsModel.swift in Sources */,
				E1CD5EC324668A6A008AFD4B /* AnalyticsModel.swift in Sources */,
				E1417CEE2467088200FD72CB /* PieChartCollectionViewCell.swift in Sources */,
				E1CD5EAF24668824008AFD4B /* DashboardViewController.swift in Sources */,
				E1CD5EAB24668824008AFD4B /* AppDelegate.swift in Sources */,
				E160F2C72468852D006DD9D9 /* ItemTableViewCell.swift in Sources */,
				E1CD5EC7246694CB008AFD4B /* PieChartsModel.swift in Sources */,
				E1CD5EAD24668824008AFD4B /* SceneDelegate.swift in Sources */,
				E1CD5EC524669351008AFD4B /* JobModel.swift in Sources */,
				E1CD5ECB246694F1008AFD4B /* ServiceModel.swift in Sources */,
				E1417CEC2466F5B000FD72CB /* TabbarViewController.swift in Sources */,
				E13A31CB2469E11E001AB121 /* DashboardChartsExtension.swift in Sources */,
				E1CD5ECD24669FD7008AFD4B /* Globals.swift in Sources */,
			);
			runOnlyForDeploymentPostprocessing = 0;
		};
/* End PBXSourcesBuildPhase section */

/* Begin PBXVariantGroup section */
		E1CD5EB024668824008AFD4B /* Main.storyboard */ = {
			isa = PBXVariantGroup;
			children = (
				E1CD5EB124668824008AFD4B /* Base */,
			);
			name = Main.storyboard;
			sourceTree = "<group>";
		};
		E1CD5EB52466882A008AFD4B /* LaunchScreen.storyboard */ = {
			isa = PBXVariantGroup;
			children = (
				E1CD5EB62466882A008AFD4B /* Base */,
			);
			name = LaunchScreen.storyboard;
			sourceTree = "<group>";
		};
/* End PBXVariantGroup section */

/* Begin XCBuildConfiguration section */
		E1CD5EB92466882A008AFD4B /* Debug */ = {
			isa = XCBuildConfiguration;
			buildSettings = {
				ALWAYS_SEARCH_USER_PATHS = NO;
				CLANG_ANALYZER_NONNULL = YES;
				CLANG_ANALYZER_NUMBER_OBJECT_CONVERSION = YES_AGGRESSIVE;
				CLANG_CXX_LANGUAGE_STANDARD = "gnu++14";
				CLANG_CXX_LIBRARY = "libc++";
				CLANG_ENABLE_MODULES = YES;
				CLANG_ENABLE_OBJC_ARC = YES;
				CLANG_ENABLE_OBJC_WEAK = YES;
				CLANG_WARN_BLOCK_CAPTURE_AUTORELEASING = YES;
				CLANG_WARN_BOOL_CONVERSION = YES;
				CLANG_WARN_COMMA = YES;
				CLANG_WARN_CONSTANT_CONVERSION = YES;
				CLANG_WARN_DEPRECATED_OBJC_IMPLEMENTATIONS = YES;
				CLANG_WARN_DIRECT_OBJC_ISA_USAGE = YES_ERROR;
				CLANG_WARN_DOCUMENTATION_COMMENTS = YES;
				CLANG_WARN_EMPTY_BODY = YES;
				CLANG_WARN_ENUM_CONVERSION = YES;
				CLANG_WARN_INFINITE_RECURSION = YES;
				CLANG_WARN_INT_CONVERSION = YES;
				CLANG_WARN_NON_LITERAL_NULL_CONVERSION = YES;
				CLANG_WARN_OBJC_IMPLICIT_RETAIN_SELF = YES;
				CLANG_WARN_OBJC_LITERAL_CONVERSION = YES;
				CLANG_WARN_OBJC_ROOT_CLASS = YES_ERROR;
				CLANG_WARN_RANGE_LOOP_ANALYSIS = YES;
				CLANG_WARN_STRICT_PROTOTYPES = YES;
				CLANG_WARN_SUSPICIOUS_MOVE = YES;
				CLANG_WARN_UNGUARDED_AVAILABILITY = YES_AGGRESSIVE;
				CLANG_WARN_UNREACHABLE_CODE = YES;
				CLANG_WARN__DUPLICATE_METHOD_MATCH = YES;
				COPY_PHASE_STRIP = NO;
				DEBUG_INFORMATION_FORMAT = dwarf;
				ENABLE_STRICT_OBJC_MSGSEND = YES;
				ENABLE_TESTABILITY = YES;
				GCC_C_LANGUAGE_STANDARD = gnu11;
				GCC_DYNAMIC_NO_PIC = NO;
				GCC_NO_COMMON_BLOCKS = YES;
				GCC_OPTIMIZATION_LEVEL = 0;
				GCC_PREPROCESSOR_DEFINITIONS = (
					"DEBUG=1",
					"$(inherited)",
				);
				GCC_WARN_64_TO_32_BIT_CONVERSION = YES;
				GCC_WARN_ABOUT_RETURN_TYPE = YES_ERROR;
				GCC_WARN_UNDECLARED_SELECTOR = YES;
				GCC_WARN_UNINITIALIZED_AUTOS = YES_AGGRESSIVE;
				GCC_WARN_UNUSED_FUNCTION = YES;
				GCC_WARN_UNUSED_VARIABLE = YES;
				IPHONEOS_DEPLOYMENT_TARGET = 13.2;
				MTL_ENABLE_DEBUG_INFO = INCLUDE_SOURCE;
				MTL_FAST_MATH = YES;
				ONLY_ACTIVE_ARCH = YES;
				SDKROOT = iphoneos;
				SWIFT_ACTIVE_COMPILATION_CONDITIONS = DEBUG;
				SWIFT_OPTIMIZATION_LEVEL = "-Onone";
			};
			name = Debug;
		};
		E1CD5EBA2466882A008AFD4B /* Release */ = {
			isa = XCBuildConfiguration;
			buildSettings = {
				ALWAYS_SEARCH_USER_PATHS = NO;
				CLANG_ANALYZER_NONNULL = YES;
				CLANG_ANALYZER_NUMBER_OBJECT_CONVERSION = YES_AGGRESSIVE;
				CLANG_CXX_LANGUAGE_STANDARD = "gnu++14";
				CLANG_CXX_LIBRARY = "libc++";
				CLANG_ENABLE_MODULES = YES;
				CLANG_ENABLE_OBJC_ARC = YES;
				CLANG_ENABLE_OBJC_WEAK = YES;
				CLANG_WARN_BLOCK_CAPTURE_AUTORELEASING = YES;
				CLANG_WARN_BOOL_CONVERSION = YES;
				CLANG_WARN_COMMA = YES;
				CLANG_WARN_CONSTANT_CONVERSION = YES;
				CLANG_WARN_DEPRECATED_OBJC_IMPLEMENTATIONS = YES;
				CLANG_WARN_DIRECT_OBJC_ISA_USAGE = YES_ERROR;
				CLANG_WARN_DOCUMENTATION_COMMENTS = YES;
				CLANG_WARN_EMPTY_BODY = YES;
				CLANG_WARN_ENUM_CONVERSION = YES;
				CLANG_WARN_INFINITE_RECURSION = YES;
				CLANG_WARN_INT_CONVERSION = YES;
				CLANG_WARN_NON_LITERAL_NULL_CONVERSION = YES;
				CLANG_WARN_OBJC_IMPLICIT_RETAIN_SELF = YES;
				CLANG_WARN_OBJC_LITERAL_CONVERSION = YES;
				CLANG_WARN_OBJC_ROOT_CLASS = YES_ERROR;
				CLANG_WARN_RANGE_LOOP_ANALYSIS = YES;
				CLANG_WARN_STRICT_PROTOTYPES = YES;
				CLANG_WARN_SUSPICIOUS_MOVE = YES;
				CLANG_WARN_UNGUARDED_AVAILABILITY = YES_AGGRESSIVE;
				CLANG_WARN_UNREACHABLE_CODE = YES;
				CLANG_WARN__DUPLICATE_METHOD_MATCH = YES;
				COPY_PHASE_STRIP = NO;
				DEBUG_INFORMATION_FORMAT = "dwarf-with-dsym";
				ENABLE_NS_ASSERTIONS = NO;
				ENABLE_STRICT_OBJC_MSGSEND = YES;
				GCC_C_LANGUAGE_STANDARD = gnu11;
				GCC_NO_COMMON_BLOCKS = YES;
				GCC_WARN_64_TO_32_BIT_CONVERSION = YES;
				GCC_WARN_ABOUT_RETURN_TYPE = YES_ERROR;
				GCC_WARN_UNDECLARED_SELECTOR = YES;
				GCC_WARN_UNINITIALIZED_AUTOS = YES_AGGRESSIVE;
				GCC_WARN_UNUSED_FUNCTION = YES;
				GCC_WARN_UNUSED_VARIABLE = YES;
				IPHONEOS_DEPLOYMENT_TARGET = 13.2;
				MTL_ENABLE_DEBUG_INFO = NO;
				MTL_FAST_MATH = YES;
				SDKROOT = iphoneos;
				SWIFT_COMPILATION_MODE = wholemodule;
				SWIFT_OPTIMIZATION_LEVEL = "-O";
				VALIDATE_PRODUCT = YES;
			};
			name = Release;
		};
		E1CD5EBC2466882A008AFD4B /* Debug */ = {
			isa = XCBuildConfiguration;
			baseConfigurationReference = EDA02DC56F44968EEC11C339 /* Pods-Whip-TA.debug.xcconfig */;
			buildSettings = {
				ASSETCATALOG_COMPILER_APPICON_NAME = AppIcon;
				CODE_SIGN_STYLE = Automatic;
				DEVELOPMENT_TEAM = WY57ESH63V;
				INFOPLIST_FILE = "Whip-TA/Info.plist";
				LD_RUNPATH_SEARCH_PATHS = (
					"$(inherited)",
					"@executable_path/Frameworks",
				);
				PRODUCT_BUNDLE_IDENTIFIER = "com.amy.Whip-TA";
				PRODUCT_NAME = "$(TARGET_NAME)";
				SWIFT_VERSION = 5.0;
				TARGETED_DEVICE_FAMILY = "1,2";
			};
			name = Debug;
		};
		E1CD5EBD2466882A008AFD4B /* Release */ = {
			isa = XCBuildConfiguration;
			baseConfigurationReference = 0D0CAE9CCBB1505FAD286F19 /* Pods-Whip-TA.release.xcconfig */;
			buildSettings = {
				ASSETCATALOG_COMPILER_APPICON_NAME = AppIcon;
				CODE_SIGN_STYLE = Automatic;
				DEVELOPMENT_TEAM = WY57ESH63V;
				INFOPLIST_FILE = "Whip-TA/Info.plist";
				LD_RUNPATH_SEARCH_PATHS = (
					"$(inherited)",
					"@executable_path/Frameworks",
				);
				PRODUCT_BUNDLE_IDENTIFIER = "com.amy.Whip-TA";
				PRODUCT_NAME = "$(TARGET_NAME)";
				SWIFT_VERSION = 5.0;
				TARGETED_DEVICE_FAMILY = "1,2";
			};
			name = Release;
		};
/* End XCBuildConfiguration section */

/* Begin XCConfigurationList section */
		E1CD5EA224668824008AFD4B /* Build configuration list for PBXProject "Whip-TA" */ = {
			isa = XCConfigurationList;
			buildConfigurations = (
				E1CD5EB92466882A008AFD4B /* Debug */,
				E1CD5EBA2466882A008AFD4B /* Release */,
			);
			defaultConfigurationIsVisible = 0;
			defaultConfigurationName = Release;
		};
		E1CD5EBB2466882A008AFD4B /* Build configuration list for PBXNativeTarget "Whip-TA" */ = {
			isa = XCConfigurationList;
			buildConfigurations = (
				E1CD5EBC2466882A008AFD4B /* Debug */,
				E1CD5EBD2466882A008AFD4B /* Release */,
			);
			defaultConfigurationIsVisible = 0;
			defaultConfigurationName = Release;
		};
/* End XCConfigurationList section */
	};
	rootObject = E1CD5E9F24668824008AFD4B /* Project object */;
}
